
Microsoft Visual Studio Solution File, Format Version 12.00
# Visual Studio Version 17
VisualStudioVersion = 17.1.32414.318
MinimumVisualStudioVersion = 10.0.40219.1
Project("{9A19103F-16F7-4668-BE54-9A1E7A4F7556}") = "Trs80.Level1Basic.Extensions", "Trs80.Level1Basic.Extensions\Trs80.Level1Basic.Extensions.csproj", "{8877543F-ADDF-436D-BCDE-B03E30EF0460}"
EndProject
Project("{2150E333-8FDC-42A3-9474-1A3956D46DE8}") = "Radio Shack BASIC Computer Language", "Radio Shack BASIC Computer Language", "{71005317-8860-4F7C-A802-0A140C96AF1E}"
	ProjectSection(SolutionItems) = preProject
		Radio Shack BASIC Computer Language\Basic_Computer_Language_Its_Easier_Than_You_Think_1978_Radio_Shack.pdf = Radio Shack BASIC Computer Language\Basic_Computer_Language_Its_Easier_Than_You_Think_1978_Radio_Shack.pdf
	EndProjectSection
EndProject
Project("{9A19103F-16F7-4668-BE54-9A1E7A4F7556}") = "Trs80.Level1Basic.Application", "Trs80.Level1Basic.Application\Trs80.Level1Basic.Application.csproj", "{D5843BC2-85DC-438F-BEE7-F52234B68A03}"
EndProject
Project("{9A19103F-16F7-4668-BE54-9A1E7A4F7556}") = "Trs80.Level1Basic.Workflow", "Trs80.Level1Basic.Workflow\Trs80.Level1Basic.Workflow.csproj", "{3386D596-71C1-4982-855B-52428A9873ED}"
EndProject
Project("{9A19103F-16F7-4668-BE54-9A1E7A4F7556}") = "Trs80.Level1Basic.Command", "Trs80.Level1Basic.Command\Trs80.Level1Basic.Command.csproj", "{D17B31C5-3403-4607-A252-153111B983A3}"
EndProject
Project("{9A19103F-16F7-4668-BE54-9A1E7A4F7556}") = "Trs80.Level1Basic.CommandModels", "Trs80.Level1Basic.CommandModels\Trs80.Level1Basic.CommandModels.csproj", "{CCB8AE4F-0807-4428-8303-A24AA7FA2847}"
EndProject
Project("{9A19103F-16F7-4668-BE54-9A1E7A4F7556}") = "Trs80.Level1Basic", "Trs80.Level1Basic\Trs80.Level1Basic.csproj", "{AA8B72DA-86B5-410F-91CD-D31EBAF3562C}"
EndProject
Project("{9A19103F-16F7-4668-BE54-9A1E7A4F7556}") = "Trs80.Level1Basic.GenerateAst", "Trs80.Level1Basic.GenerateAst\Trs80.Level1Basic.GenerateAst.csproj", "{552F8DE5-C7C5-4E3A-A497-849EDF1CE652}"
EndProject
Project("{2150E333-8FDC-42A3-9474-1A3956D46DE8}") = "Application", "Application", "{60A450EA-8F47-4935-BC69-37323DBD33C1}"
EndProject
Project("{2150E333-8FDC-42A3-9474-1A3956D46DE8}") = "Workflow", "Workflow", "{527AA9D1-704A-4AA4-9012-8C47380E7B08}"
EndProject
Project("{2150E333-8FDC-42A3-9474-1A3956D46DE8}") = "Interpreter", "Interpreter", "{EC14AF9B-5F4B-4EFC-AE2F-0F5EF3AD0F55}"
EndProject
Project("{9A19103F-16F7-4668-BE54-9A1E7A4F7556}") = "Trs80.Level1Basic.Interpreter", "Trs80.Level1Basic.Interpreter\Trs80.Level1Basic.Interpreter.csproj", "{6B4DA125-33E1-411B-8276-FD2E0EF934BF}"
EndProject
Project("{9A19103F-16F7-4668-BE54-9A1E7A4F7556}") = "Trs80.Level1Basic.Console", "Trs80.Level1Basic.Console\Trs80.Level1Basic.Console.csproj", "{46D5282B-47E8-4597-90C9-C37443C4E34D}"
EndProject
Project("{2150E333-8FDC-42A3-9474-1A3956D46DE8}") = "Common", "Common", "{A1C4B46F-E273-42DD-B23A-CCB3B0185550}"
EndProject
Project("{2150E333-8FDC-42A3-9474-1A3956D46DE8}") = "Solution Items", "Solution Items", "{EB5F1053-2F8B-439E-ABF0-303B782EDAB9}"
	ProjectSection(SolutionItems) = preProject
		.editorconfig = .editorconfig
		README.md = README.md
	EndProjectSection
EndProject
Project("{9A19103F-16F7-4668-BE54-9A1E7A4F7556}") = "Trs80.Level1Basic.Win32Api", "Trs80.Level1Basic.Win32Api\Trs80.Level1Basic.Win32Api.csproj", "{78871EF1-A433-4018-BF31-AA3C40EFC6D8}"
EndProject
Project("{FAE04EC0-301F-11D3-BF4B-00C04F79EFBC}") = "Trs80.Level1Basic.WorkflowDomain", "Trs80.Level1Basic.WorkflowDomain\Trs80.Level1Basic.WorkflowDomain.csproj", "{71A89A32-FA2E-4A13-A8E5-EC46BA6B7C64}"
EndProject
Global
	GlobalSection(SolutionConfigurationPlatforms) = preSolution
		Debug|Any CPU = Debug|Any CPU
		Release|Any CPU = Release|Any CPU
	EndGlobalSection
	GlobalSection(ProjectConfigurationPlatforms) = postSolution
		{8877543F-ADDF-436D-BCDE-B03E30EF0460}.Debug|Any CPU.ActiveCfg = Debug|Any CPU
		{8877543F-ADDF-436D-BCDE-B03E30EF0460}.Debug|Any CPU.Build.0 = Debug|Any CPU
		{8877543F-ADDF-436D-BCDE-B03E30EF0460}.Release|Any CPU.ActiveCfg = Release|Any CPU
		{8877543F-ADDF-436D-BCDE-B03E30EF0460}.Release|Any CPU.Build.0 = Release|Any CPU
		{D5843BC2-85DC-438F-BEE7-F52234B68A03}.Debug|Any CPU.ActiveCfg = Debug|Any CPU
		{D5843BC2-85DC-438F-BEE7-F52234B68A03}.Debug|Any CPU.Build.0 = Debug|Any CPU
		{D5843BC2-85DC-438F-BEE7-F52234B68A03}.Release|Any CPU.ActiveCfg = Release|Any CPU
		{D5843BC2-85DC-438F-BEE7-F52234B68A03}.Release|Any CPU.Build.0 = Release|Any CPU
		{3386D596-71C1-4982-855B-52428A9873ED}.Debug|Any CPU.ActiveCfg = Debug|Any CPU
		{3386D596-71C1-4982-855B-52428A9873ED}.Debug|Any CPU.Build.0 = Debug|Any CPU
		{3386D596-71C1-4982-855B-52428A9873ED}.Release|Any CPU.ActiveCfg = Release|Any CPU
		{3386D596-71C1-4982-855B-52428A9873ED}.Release|Any CPU.Build.0 = Release|Any CPU
		{D17B31C5-3403-4607-A252-153111B983A3}.Debug|Any CPU.ActiveCfg = Debug|Any CPU
		{D17B31C5-3403-4607-A252-153111B983A3}.Debug|Any CPU.Build.0 = Debug|Any CPU
		{D17B31C5-3403-4607-A252-153111B983A3}.Release|Any CPU.ActiveCfg = Release|Any CPU
		{D17B31C5-3403-4607-A252-153111B983A3}.Release|Any CPU.Build.0 = Release|Any CPU
		{CCB8AE4F-0807-4428-8303-A24AA7FA2847}.Debug|Any CPU.ActiveCfg = Debug|Any CPU
		{CCB8AE4F-0807-4428-8303-A24AA7FA2847}.Debug|Any CPU.Build.0 = Debug|Any CPU
		{CCB8AE4F-0807-4428-8303-A24AA7FA2847}.Release|Any CPU.ActiveCfg = Release|Any CPU
		{CCB8AE4F-0807-4428-8303-A24AA7FA2847}.Release|Any CPU.Build.0 = Release|Any CPU
		{AA8B72DA-86B5-410F-91CD-D31EBAF3562C}.Debug|Any CPU.ActiveCfg = Debug|Any CPU
		{AA8B72DA-86B5-410F-91CD-D31EBAF3562C}.Debug|Any CPU.Build.0 = Debug|Any CPU
		{AA8B72DA-86B5-410F-91CD-D31EBAF3562C}.Release|Any CPU.ActiveCfg = Release|Any CPU
		{AA8B72DA-86B5-410F-91CD-D31EBAF3562C}.Release|Any CPU.Build.0 = Release|Any CPU
		{552F8DE5-C7C5-4E3A-A497-849EDF1CE652}.Debug|Any CPU.ActiveCfg = Debug|Any CPU
		{552F8DE5-C7C5-4E3A-A497-849EDF1CE652}.Debug|Any CPU.Build.0 = Debug|Any CPU
		{552F8DE5-C7C5-4E3A-A497-849EDF1CE652}.Release|Any CPU.ActiveCfg = Release|Any CPU
		{552F8DE5-C7C5-4E3A-A497-849EDF1CE652}.Release|Any CPU.Build.0 = Release|Any CPU
		{6B4DA125-33E1-411B-8276-FD2E0EF934BF}.Debug|Any CPU.ActiveCfg = Debug|Any CPU
		{6B4DA125-33E1-411B-8276-FD2E0EF934BF}.Debug|Any CPU.Build.0 = Debug|Any CPU
		{6B4DA125-33E1-411B-8276-FD2E0EF934BF}.Release|Any CPU.ActiveCfg = Release|Any CPU
		{6B4DA125-33E1-411B-8276-FD2E0EF934BF}.Release|Any CPU.Build.0 = Release|Any CPU
		{46D5282B-47E8-4597-90C9-C37443C4E34D}.Debug|Any CPU.ActiveCfg = Debug|Any CPU
		{46D5282B-47E8-4597-90C9-C37443C4E34D}.Debug|Any CPU.Build.0 = Debug|Any CPU
		{46D5282B-47E8-4597-90C9-C37443C4E34D}.Release|Any CPU.ActiveCfg = Release|Any CPU
		{46D5282B-47E8-4597-90C9-C37443C4E34D}.Release|Any CPU.Build.0 = Release|Any CPU
		{78871EF1-A433-4018-BF31-AA3C40EFC6D8}.Debug|Any CPU.ActiveCfg = Debug|Any CPU
		{78871EF1-A433-4018-BF31-AA3C40EFC6D8}.Debug|Any CPU.Build.0 = Debug|Any CPU
		{78871EF1-A433-4018-BF31-AA3C40EFC6D8}.Release|Any CPU.ActiveCfg = Release|Any CPU
		{78871EF1-A433-4018-BF31-AA3C40EFC6D8}.Release|Any CPU.Build.0 = Release|Any CPU
		{71A89A32-FA2E-4A13-A8E5-EC46BA6B7C64}.Debug|Any CPU.ActiveCfg = Debug|Any CPU
		{71A89A32-FA2E-4A13-A8E5-EC46BA6B7C64}.Debug|Any CPU.Build.0 = Debug|Any CPU
		{71A89A32-FA2E-4A13-A8E5-EC46BA6B7C64}.Release|Any CPU.ActiveCfg = Release|Any CPU
		{71A89A32-FA2E-4A13-A8E5-EC46BA6B7C64}.Release|Any CPU.Build.0 = Release|Any CPU
	EndGlobalSection
	GlobalSection(SolutionProperties) = preSolution
		HideSolutionNode = FALSE
	EndGlobalSection
	GlobalSection(NestedProjects) = preSolution
		{8877543F-ADDF-436D-BCDE-B03E30EF0460} = {A1C4B46F-E273-42DD-B23A-CCB3B0185550}
		{71005317-8860-4F7C-A802-0A140C96AF1E} = {EC14AF9B-5F4B-4EFC-AE2F-0F5EF3AD0F55}
		{D5843BC2-85DC-438F-BEE7-F52234B68A03} = {60A450EA-8F47-4935-BC69-37323DBD33C1}
		{3386D596-71C1-4982-855B-52428A9873ED} = {527AA9D1-704A-4AA4-9012-8C47380E7B08}
		{D17B31C5-3403-4607-A252-153111B983A3} = {527AA9D1-704A-4AA4-9012-8C47380E7B08}
		{CCB8AE4F-0807-4428-8303-A24AA7FA2847} = {527AA9D1-704A-4AA4-9012-8C47380E7B08}
		{AA8B72DA-86B5-410F-91CD-D31EBAF3562C} = {60A450EA-8F47-4935-BC69-37323DBD33C1}
		{552F8DE5-C7C5-4E3A-A497-849EDF1CE652} = {EC14AF9B-5F4B-4EFC-AE2F-0F5EF3AD0F55}
		{6B4DA125-33E1-411B-8276-FD2E0EF934BF} = {EC14AF9B-5F4B-4EFC-AE2F-0F5EF3AD0F55}
		{46D5282B-47E8-4597-90C9-C37443C4E34D} = {60A450EA-8F47-4935-BC69-37323DBD33C1}
		{78871EF1-A433-4018-BF31-AA3C40EFC6D8} = {60A450EA-8F47-4935-BC69-37323DBD33C1}
		{71A89A32-FA2E-4A13-A8E5-EC46BA6B7C64} = {527AA9D1-704A-4AA4-9012-8C47380E7B08}
	EndGlobalSection
	GlobalSection(ExtensibilityGlobals) = postSolution
		SolutionGuid = {5EB0E852-7B78-46A4-934D-25D7E53322B7}
	EndGlobalSection
EndGlobal
