
Microsoft Visual Studio Solution File, Format Version 12.00
# Visual Studio Version 17
VisualStudioVersion = 17.1.32414.318
MinimumVisualStudioVersion = 10.0.40219.1
Project("{9A19103F-16F7-4668-BE54-9A1E7A4F7556}") = "Trs80.Level1Basic.Exceptions", "Trs80.Level1Basic.Exceptions\Trs80.Level1Basic.Exceptions.csproj", "{07B72B04-235C-4DEF-8C49-31E32A9DE57B}"
EndProject
Project("{9A19103F-16F7-4668-BE54-9A1E7A4F7556}") = "Trs80.Level1Basic.Domain", "Trs80.Level1Basic.Domain\Trs80.Level1Basic.Domain.csproj", "{15AADFF3-5F54-46B0-9037-7B1C8E422681}"
EndProject
Project("{9A19103F-16F7-4668-BE54-9A1E7A4F7556}") = "Trs80.Level1Basic.Services", "Trs80.Level1Basic.Services\Trs80.Level1Basic.Services.csproj", "{6F292632-6ECD-4235-BFB1-BD0F94CC8669}"
EndProject
Project("{9A19103F-16F7-4668-BE54-9A1E7A4F7556}") = "Trs80.Level1Basic.Extensions", "Trs80.Level1Basic.Extensions\Trs80.Level1Basic.Extensions.csproj", "{8877543F-ADDF-436D-BCDE-B03E30EF0460}"
EndProject
Project("{9A19103F-16F7-4668-BE54-9A1E7A4F7556}") = "Trs80.Level1Basic.Graphics", "Trs80.Level1Basic.Graphics\Trs80.Level1Basic.Graphics.csproj", "{62692606-F922-4887-B5E7-9ED592DBD9B9}"
EndProject
Project("{2150E333-8FDC-42A3-9474-1A3956D46DE8}") = "Radio Shack BASIC Computer Language", "Radio Shack BASIC Computer Language", "{71005317-8860-4F7C-A802-0A140C96AF1E}"
	ProjectSection(SolutionItems) = preProject
		Radio Shack BASIC Computer Language\Basic_Computer_Language_Its_Easier_Than_You_Think_1978_Radio_Shack.pdf = Radio Shack BASIC Computer Language\Basic_Computer_Language_Its_Easier_Than_You_Think_1978_Radio_Shack.pdf
	EndProjectSection
EndProject
Project("{9A19103F-16F7-4668-BE54-9A1E7A4F7556}") = "Trs80.Level1Basic.Application", "Trs80.Level1Basic.Application\Trs80.Level1Basic.Application.csproj", "{D5843BC2-85DC-438F-BEE7-F52234B68A03}"
EndProject
Project("{9A19103F-16F7-4668-BE54-9A1E7A4F7556}") = "Trs80.Level1Basic.Workflow", "Trs80.Level1Basic.Workflow\Trs80.Level1Basic.Workflow.csproj", "{3386D596-71C1-4982-855B-52428A9873ED}"
EndProject
Project("{9A19103F-16F7-4668-BE54-9A1E7A4F7556}") = "Trs80.Level1Basic.Command", "Trs80.Level1Basic.Command\Trs80.Level1Basic.Command.csproj", "{D17B31C5-3403-4607-A252-153111B983A3}"
EndProject
Project("{9A19103F-16F7-4668-BE54-9A1E7A4F7556}") = "Trs80.Level1Basic.CommandModels", "Trs80.Level1Basic.CommandModels\Trs80.Level1Basic.CommandModels.csproj", "{CCB8AE4F-0807-4428-8303-A24AA7FA2847}"
EndProject
Project("{9A19103F-16F7-4668-BE54-9A1E7A4F7556}") = "Trs80.Level1Basic", "Trs80.Level1Basic\Trs80.Level1Basic.csproj", "{AA8B72DA-86B5-410F-91CD-D31EBAF3562C}"
EndProject
Project("{9A19103F-16F7-4668-BE54-9A1E7A4F7556}") = "Trs80.Level1Basic.GenerateAst", "Trs80.Level1Basic.GenerateAst\Trs80.Level1Basic.GenerateAst.csproj", "{552F8DE5-C7C5-4E3A-A497-849EDF1CE652}"
EndProject
Project("{9A19103F-16F7-4668-BE54-9A1E7A4F7556}") = "Trs80Level1Basic.Win32Api", "Trs80Level1Basic.Win32Api\Trs80Level1Basic.Win32Api.csproj", "{3FE41959-8FC3-434F-AE71-D91C9E901A3F}"
EndProject
Global
	GlobalSection(SolutionConfigurationPlatforms) = preSolution
		Debug|Any CPU = Debug|Any CPU
		Release|Any CPU = Release|Any CPU
	EndGlobalSection
	GlobalSection(ProjectConfigurationPlatforms) = postSolution
		{07B72B04-235C-4DEF-8C49-31E32A9DE57B}.Debug|Any CPU.ActiveCfg = Debug|Any CPU
		{07B72B04-235C-4DEF-8C49-31E32A9DE57B}.Debug|Any CPU.Build.0 = Debug|Any CPU
		{07B72B04-235C-4DEF-8C49-31E32A9DE57B}.Release|Any CPU.ActiveCfg = Release|Any CPU
		{07B72B04-235C-4DEF-8C49-31E32A9DE57B}.Release|Any CPU.Build.0 = Release|Any CPU
		{15AADFF3-5F54-46B0-9037-7B1C8E422681}.Debug|Any CPU.ActiveCfg = Debug|Any CPU
		{15AADFF3-5F54-46B0-9037-7B1C8E422681}.Debug|Any CPU.Build.0 = Debug|Any CPU
		{15AADFF3-5F54-46B0-9037-7B1C8E422681}.Release|Any CPU.ActiveCfg = Release|Any CPU
		{15AADFF3-5F54-46B0-9037-7B1C8E422681}.Release|Any CPU.Build.0 = Release|Any CPU
		{6F292632-6ECD-4235-BFB1-BD0F94CC8669}.Debug|Any CPU.ActiveCfg = Debug|Any CPU
		{6F292632-6ECD-4235-BFB1-BD0F94CC8669}.Debug|Any CPU.Build.0 = Debug|Any CPU
		{6F292632-6ECD-4235-BFB1-BD0F94CC8669}.Release|Any CPU.ActiveCfg = Release|Any CPU
		{6F292632-6ECD-4235-BFB1-BD0F94CC8669}.Release|Any CPU.Build.0 = Release|Any CPU
		{8877543F-ADDF-436D-BCDE-B03E30EF0460}.Debug|Any CPU.ActiveCfg = Debug|Any CPU
		{8877543F-ADDF-436D-BCDE-B03E30EF0460}.Debug|Any CPU.Build.0 = Debug|Any CPU
		{8877543F-ADDF-436D-BCDE-B03E30EF0460}.Release|Any CPU.ActiveCfg = Release|Any CPU
		{8877543F-ADDF-436D-BCDE-B03E30EF0460}.Release|Any CPU.Build.0 = Release|Any CPU
		{62692606-F922-4887-B5E7-9ED592DBD9B9}.Debug|Any CPU.ActiveCfg = Debug|Any CPU
		{62692606-F922-4887-B5E7-9ED592DBD9B9}.Debug|Any CPU.Build.0 = Debug|Any CPU
		{62692606-F922-4887-B5E7-9ED592DBD9B9}.Release|Any CPU.ActiveCfg = Release|Any CPU
		{62692606-F922-4887-B5E7-9ED592DBD9B9}.Release|Any CPU.Build.0 = Release|Any CPU
		{D5843BC2-85DC-438F-BEE7-F52234B68A03}.Debug|Any CPU.ActiveCfg = Debug|Any CPU
		{D5843BC2-85DC-438F-BEE7-F52234B68A03}.Debug|Any CPU.Build.0 = Debug|Any CPU
		{D5843BC2-85DC-438F-BEE7-F52234B68A03}.Release|Any CPU.ActiveCfg = Release|Any CPU
		{D5843BC2-85DC-438F-BEE7-F52234B68A03}.Release|Any CPU.Build.0 = Release|Any CPU
		{3386D596-71C1-4982-855B-52428A9873ED}.Debug|Any CPU.ActiveCfg = Debug|Any CPU
		{3386D596-71C1-4982-855B-52428A9873ED}.Debug|Any CPU.Build.0 = Debug|Any CPU
		{3386D596-71C1-4982-855B-52428A9873ED}.Release|Any CPU.ActiveCfg = Release|Any CPU
		{3386D596-71C1-4982-855B-52428A9873ED}.Release|Any CPU.Build.0 = Release|Any CPU
		{D17B31C5-3403-4607-A252-153111B983A3}.Debug|Any CPU.ActiveCfg = Debug|Any CPU
		{D17B31C5-3403-4607-A252-153111B983A3}.Debug|Any CPU.Build.0 = Debug|Any CPU
		{D17B31C5-3403-4607-A252-153111B983A3}.Release|Any CPU.ActiveCfg = Release|Any CPU
		{D17B31C5-3403-4607-A252-153111B983A3}.Release|Any CPU.Build.0 = Release|Any CPU
		{CCB8AE4F-0807-4428-8303-A24AA7FA2847}.Debug|Any CPU.ActiveCfg = Debug|Any CPU
		{CCB8AE4F-0807-4428-8303-A24AA7FA2847}.Debug|Any CPU.Build.0 = Debug|Any CPU
		{CCB8AE4F-0807-4428-8303-A24AA7FA2847}.Release|Any CPU.ActiveCfg = Release|Any CPU
		{CCB8AE4F-0807-4428-8303-A24AA7FA2847}.Release|Any CPU.Build.0 = Release|Any CPU
		{AA8B72DA-86B5-410F-91CD-D31EBAF3562C}.Debug|Any CPU.ActiveCfg = Debug|Any CPU
		{AA8B72DA-86B5-410F-91CD-D31EBAF3562C}.Debug|Any CPU.Build.0 = Debug|Any CPU
		{AA8B72DA-86B5-410F-91CD-D31EBAF3562C}.Release|Any CPU.ActiveCfg = Release|Any CPU
		{AA8B72DA-86B5-410F-91CD-D31EBAF3562C}.Release|Any CPU.Build.0 = Release|Any CPU
		{552F8DE5-C7C5-4E3A-A497-849EDF1CE652}.Debug|Any CPU.ActiveCfg = Debug|Any CPU
		{552F8DE5-C7C5-4E3A-A497-849EDF1CE652}.Debug|Any CPU.Build.0 = Debug|Any CPU
		{552F8DE5-C7C5-4E3A-A497-849EDF1CE652}.Release|Any CPU.ActiveCfg = Release|Any CPU
		{552F8DE5-C7C5-4E3A-A497-849EDF1CE652}.Release|Any CPU.Build.0 = Release|Any CPU
		{3FE41959-8FC3-434F-AE71-D91C9E901A3F}.Debug|Any CPU.ActiveCfg = Debug|Any CPU
		{3FE41959-8FC3-434F-AE71-D91C9E901A3F}.Debug|Any CPU.Build.0 = Debug|Any CPU
		{3FE41959-8FC3-434F-AE71-D91C9E901A3F}.Release|Any CPU.ActiveCfg = Release|Any CPU
		{3FE41959-8FC3-434F-AE71-D91C9E901A3F}.Release|Any CPU.Build.0 = Release|Any CPU
	EndGlobalSection
	GlobalSection(SolutionProperties) = preSolution
		HideSolutionNode = FALSE
	EndGlobalSection
	GlobalSection(ExtensibilityGlobals) = postSolution
		SolutionGuid = {5EB0E852-7B78-46A4-934D-25D7E53322B7}
	EndGlobalSection
EndGlobal
