
Microsoft Visual Studio Solution File, Format Version 12.00
# Visual Studio Version 17
VisualStudioVersion = 17.1.32414.318
MinimumVisualStudioVersion = 10.0.40219.1
Project("{9A19103F-16F7-4668-BE54-9A1E7A4F7556}") = "Trs80.Level1Basic", "TRS-80 LEVEL I BASIC\Trs80.Level1Basic.csproj", "{2E68DF59-417F-4025-A706-B31A0FBD0617}"
EndProject
Project("{9A19103F-16F7-4668-BE54-9A1E7A4F7556}") = "Trs80.Level1Basic.GenerateAst", "GenerateAst\Trs80.Level1Basic.GenerateAst.csproj", "{C692EE3C-1AF8-4B14-BE49-FB3FC6D97265}"
EndProject
Project("{9A19103F-16F7-4668-BE54-9A1E7A4F7556}") = "Trs80.Level1Basic.Exceptions", "Trs80.Level1Basic.Exceptions\Trs80.Level1Basic.Exceptions.csproj", "{07B72B04-235C-4DEF-8C49-31E32A9DE57B}"
EndProject
Project("{9A19103F-16F7-4668-BE54-9A1E7A4F7556}") = "Trs80.Level1Basic.Domain", "Trs80.Level1Basic.Domain\Trs80.Level1Basic.Domain.csproj", "{15AADFF3-5F54-46B0-9037-7B1C8E422681}"
EndProject
Project("{9A19103F-16F7-4668-BE54-9A1E7A4F7556}") = "Trs80.Level1Basic.Services", "Trs80.Level1Basic.Services\Trs80.Level1Basic.Services.csproj", "{6F292632-6ECD-4235-BFB1-BD0F94CC8669}"
EndProject
Project("{9A19103F-16F7-4668-BE54-9A1E7A4F7556}") = "Trs80.Level1Basic.Extensions", "Trs80.Level1Basic.Extensions\Trs80.Level1Basic.Extensions.csproj", "{8877543F-ADDF-436D-BCDE-B03E30EF0460}"
EndProject
Project("{2150E333-8FDC-42A3-9474-1A3956D46DE8}") = "Radio Shack BASIC Computer Language", "Radio Shack BASIC Computer Language", "{71005317-8860-4F7C-A802-0A140C96AF1E}"
	ProjectSection(SolutionItems) = preProject
		Radio Shack BASIC Computer Language\Basic_Computer_Language_Its_Easier_Than_You_Think_1978_Radio_Shack.pdf = Radio Shack BASIC Computer Language\Basic_Computer_Language_Its_Easier_Than_You_Think_1978_Radio_Shack.pdf
	EndProjectSection
EndProject
Project("{9A19103F-16F7-4668-BE54-9A1E7A4F7556}") = "Trs80.Level1Basic.Application", "Trs80.Level1Basic.Application\Trs80.Level1Basic.Application.csproj", "{D5843BC2-85DC-438F-BEE7-F52234B68A03}"
EndProject
Project("{9A19103F-16F7-4668-BE54-9A1E7A4F7556}") = "Trs80.Level1Basic.Workflow", "Trs80.Level1Basic.Workflow\Trs80.Level1Basic.Workflow.csproj", "{3386D596-71C1-4982-855B-52428A9873ED}"
EndProject
Project("{9A19103F-16F7-4668-BE54-9A1E7A4F7556}") = "Trs80.Level1Basic.Command", "Trs80.Level1Basic.Command\Trs80.Level1Basic.Command.csproj", "{D17B31C5-3403-4607-A252-153111B983A3}"
EndProject
Project("{9A19103F-16F7-4668-BE54-9A1E7A4F7556}") = "Trs80.Level1Basic.CommandModels", "Trs80.Level1Basic.CommandModels\Trs80.Level1Basic.CommandModels.csproj", "{CCB8AE4F-0807-4428-8303-A24AA7FA2847}"
EndProject
Project("{FAE04EC0-301F-11D3-BF4B-00C04F79EFBC}") = "Trs80Level1Basic.Win32Api", "Trs80Level1Basic.Win32Api\Trs80Level1Basic.Win32Api.csproj", "{BB84BECC-7862-4A47-9125-82E85ED03AEF}"
EndProject
Global
	GlobalSection(SolutionConfigurationPlatforms) = preSolution
		Debug|Any CPU = Debug|Any CPU
		Release|Any CPU = Release|Any CPU
	EndGlobalSection
	GlobalSection(ProjectConfigurationPlatforms) = postSolution
		{2E68DF59-417F-4025-A706-B31A0FBD0617}.Debug|Any CPU.ActiveCfg = Debug|Any CPU
		{2E68DF59-417F-4025-A706-B31A0FBD0617}.Debug|Any CPU.Build.0 = Debug|Any CPU
		{2E68DF59-417F-4025-A706-B31A0FBD0617}.Release|Any CPU.ActiveCfg = Release|Any CPU
		{2E68DF59-417F-4025-A706-B31A0FBD0617}.Release|Any CPU.Build.0 = Release|Any CPU
		{C692EE3C-1AF8-4B14-BE49-FB3FC6D97265}.Debug|Any CPU.ActiveCfg = Debug|Any CPU
		{C692EE3C-1AF8-4B14-BE49-FB3FC6D97265}.Debug|Any CPU.Build.0 = Debug|Any CPU
		{C692EE3C-1AF8-4B14-BE49-FB3FC6D97265}.Release|Any CPU.ActiveCfg = Release|Any CPU
		{C692EE3C-1AF8-4B14-BE49-FB3FC6D97265}.Release|Any CPU.Build.0 = Release|Any CPU
		{07B72B04-235C-4DEF-8C49-31E32A9DE57B}.Debug|Any CPU.ActiveCfg = Debug|Any CPU
		{07B72B04-235C-4DEF-8C49-31E32A9DE57B}.Debug|Any CPU.Build.0 = Debug|Any CPU
		{07B72B04-235C-4DEF-8C49-31E32A9DE57B}.Release|Any CPU.ActiveCfg = Release|Any CPU
		{07B72B04-235C-4DEF-8C49-31E32A9DE57B}.Release|Any CPU.Build.0 = Release|Any CPU
		{15AADFF3-5F54-46B0-9037-7B1C8E422681}.Debug|Any CPU.ActiveCfg = Debug|Any CPU
		{15AADFF3-5F54-46B0-9037-7B1C8E422681}.Debug|Any CPU.Build.0 = Debug|Any CPU
		{15AADFF3-5F54-46B0-9037-7B1C8E422681}.Release|Any CPU.ActiveCfg = Release|Any CPU
		{15AADFF3-5F54-46B0-9037-7B1C8E422681}.Release|Any CPU.Build.0 = Release|Any CPU
		{6F292632-6ECD-4235-BFB1-BD0F94CC8669}.Debug|Any CPU.ActiveCfg = Debug|Any CPU
		{6F292632-6ECD-4235-BFB1-BD0F94CC8669}.Debug|Any CPU.Build.0 = Debug|Any CPU
		{6F292632-6ECD-4235-BFB1-BD0F94CC8669}.Release|Any CPU.ActiveCfg = Release|Any CPU
		{6F292632-6ECD-4235-BFB1-BD0F94CC8669}.Release|Any CPU.Build.0 = Release|Any CPU
		{8877543F-ADDF-436D-BCDE-B03E30EF0460}.Debug|Any CPU.ActiveCfg = Debug|Any CPU
		{8877543F-ADDF-436D-BCDE-B03E30EF0460}.Debug|Any CPU.Build.0 = Debug|Any CPU
		{8877543F-ADDF-436D-BCDE-B03E30EF0460}.Release|Any CPU.ActiveCfg = Release|Any CPU
		{8877543F-ADDF-436D-BCDE-B03E30EF0460}.Release|Any CPU.Build.0 = Release|Any CPU
		{D5843BC2-85DC-438F-BEE7-F52234B68A03}.Debug|Any CPU.ActiveCfg = Debug|Any CPU
		{D5843BC2-85DC-438F-BEE7-F52234B68A03}.Debug|Any CPU.Build.0 = Debug|Any CPU
		{D5843BC2-85DC-438F-BEE7-F52234B68A03}.Release|Any CPU.ActiveCfg = Release|Any CPU
		{D5843BC2-85DC-438F-BEE7-F52234B68A03}.Release|Any CPU.Build.0 = Release|Any CPU
		{3386D596-71C1-4982-855B-52428A9873ED}.Debug|Any CPU.ActiveCfg = Debug|Any CPU
		{3386D596-71C1-4982-855B-52428A9873ED}.Debug|Any CPU.Build.0 = Debug|Any CPU
		{3386D596-71C1-4982-855B-52428A9873ED}.Release|Any CPU.ActiveCfg = Release|Any CPU
		{3386D596-71C1-4982-855B-52428A9873ED}.Release|Any CPU.Build.0 = Release|Any CPU
		{D17B31C5-3403-4607-A252-153111B983A3}.Debug|Any CPU.ActiveCfg = Debug|Any CPU
		{D17B31C5-3403-4607-A252-153111B983A3}.Debug|Any CPU.Build.0 = Debug|Any CPU
		{D17B31C5-3403-4607-A252-153111B983A3}.Release|Any CPU.ActiveCfg = Release|Any CPU
		{D17B31C5-3403-4607-A252-153111B983A3}.Release|Any CPU.Build.0 = Release|Any CPU
		{CCB8AE4F-0807-4428-8303-A24AA7FA2847}.Debug|Any CPU.ActiveCfg = Debug|Any CPU
		{CCB8AE4F-0807-4428-8303-A24AA7FA2847}.Debug|Any CPU.Build.0 = Debug|Any CPU
		{CCB8AE4F-0807-4428-8303-A24AA7FA2847}.Release|Any CPU.ActiveCfg = Release|Any CPU
		{CCB8AE4F-0807-4428-8303-A24AA7FA2847}.Release|Any CPU.Build.0 = Release|Any CPU
		{BB84BECC-7862-4A47-9125-82E85ED03AEF}.Debug|Any CPU.ActiveCfg = Debug|Any CPU
		{BB84BECC-7862-4A47-9125-82E85ED03AEF}.Debug|Any CPU.Build.0 = Debug|Any CPU
		{BB84BECC-7862-4A47-9125-82E85ED03AEF}.Release|Any CPU.ActiveCfg = Release|Any CPU
		{BB84BECC-7862-4A47-9125-82E85ED03AEF}.Release|Any CPU.Build.0 = Release|Any CPU
	EndGlobalSection
	GlobalSection(SolutionProperties) = preSolution
		HideSolutionNode = FALSE
	EndGlobalSection
	GlobalSection(ExtensibilityGlobals) = postSolution
		SolutionGuid = {5EB0E852-7B78-46A4-934D-25D7E53322B7}
	EndGlobalSection
EndGlobal
